
Microsoft Visual Studio Solution File, Format Version 12.00
# Visual Studio Version 16
VisualStudioVersion = 16.0.29001.49
MinimumVisualStudioVersion = 10.0.40219.1
Project("{9A19103F-16F7-4668-BE54-9A1E7A4F7556}") = "Freee.Accounting", "src\Freee.Accounting\Freee.Accounting.csproj", "{20244E3C-B3D9-48E2-94C3-A16640F90459}"
EndProject
Project("{9A19103F-16F7-4668-BE54-9A1E7A4F7556}") = "Freee.OAuth.AspNetCore", "src\Freee.OAuth.AspNetCore\Freee.OAuth.AspNetCore.csproj", "{0170DB2B-0D6F-480B-A140-9E2E5E15FBED}"
EndProject
Global
	GlobalSection(SolutionConfigurationPlatforms) = preSolution
		Debug|Any CPU = Debug|Any CPU
		Release|Any CPU = Release|Any CPU
	EndGlobalSection
	GlobalSection(ProjectConfigurationPlatforms) = postSolution
		{20244E3C-B3D9-48E2-94C3-A16640F90459}.Debug|Any CPU.ActiveCfg = Debug|Any CPU
		{20244E3C-B3D9-48E2-94C3-A16640F90459}.Debug|Any CPU.Build.0 = Debug|Any CPU
		{20244E3C-B3D9-48E2-94C3-A16640F90459}.Release|Any CPU.ActiveCfg = Release|Any CPU
		{20244E3C-B3D9-48E2-94C3-A16640F90459}.Release|Any CPU.Build.0 = Release|Any CPU
		{0170DB2B-0D6F-480B-A140-9E2E5E15FBED}.Debug|Any CPU.ActiveCfg = Debug|Any CPU
		{0170DB2B-0D6F-480B-A140-9E2E5E15FBED}.Debug|Any CPU.Build.0 = Debug|Any CPU
		{0170DB2B-0D6F-480B-A140-9E2E5E15FBED}.Release|Any CPU.ActiveCfg = Release|Any CPU
		{0170DB2B-0D6F-480B-A140-9E2E5E15FBED}.Release|Any CPU.Build.0 = Release|Any CPU
	EndGlobalSection
	GlobalSection(SolutionProperties) = preSolution
		HideSolutionNode = FALSE
	EndGlobalSection
	GlobalSection(ExtensibilityGlobals) = postSolution
		SolutionGuid = {C1C20D99-086B-4805-ADCD-182BDCE6540D}
	EndGlobalSection
EndGlobal
