
Microsoft Visual Studio Solution File, Format Version 12.00
# Visual Studio Version 16
VisualStudioVersion = 16.0.29123.88
MinimumVisualStudioVersion = 10.0.40219.1
Project("{9A19103F-16F7-4668-BE54-9A1E7A4F7556}") = "GetTrialPLSection", "GetTrialPLSection.csproj", "{8C8EF647-B5B2-463C-BB6D-EF6CEC1CB0FE}"
EndProject
Global
	GlobalSection(SolutionConfigurationPlatforms) = preSolution
		Debug|Any CPU = Debug|Any CPU
		Release|Any CPU = Release|Any CPU
	EndGlobalSection
	GlobalSection(ProjectConfigurationPlatforms) = postSolution
		{8C8EF647-B5B2-463C-BB6D-EF6CEC1CB0FE}.Debug|Any CPU.ActiveCfg = Debug|Any CPU
		{8C8EF647-B5B2-463C-BB6D-EF6CEC1CB0FE}.Debug|Any CPU.Build.0 = Debug|Any CPU
		{8C8EF647-B5B2-463C-BB6D-EF6CEC1CB0FE}.Release|Any CPU.ActiveCfg = Release|Any CPU
		{8C8EF647-B5B2-463C-BB6D-EF6CEC1CB0FE}.Release|Any CPU.Build.0 = Release|Any CPU
	EndGlobalSection
	GlobalSection(SolutionProperties) = preSolution
		HideSolutionNode = FALSE
	EndGlobalSection
	GlobalSection(ExtensibilityGlobals) = postSolution
		SolutionGuid = {6EC7590C-4370-40FE-87C3-EDDF203DE44E}
	EndGlobalSection
EndGlobal
